
Microsoft Visual Studio Solution File, Format Version 12.00
# Visual Studio Version 17
VisualStudioVersion = 17.11.35327.3
MinimumVisualStudioVersion = 10.0.40219.1
Project("{FAE04EC0-301F-11D3-BF4B-00C04F79EFBC}") = "Delegates", "Delegates\Delegates.csproj", "{2188C321-B8EA-4312-9299-FE46AA7E92DC}"
EndProject
Global
	GlobalSection(SolutionConfigurationPlatforms) = preSolution
		Debug|Any CPU = Debug|Any CPU
		Release|Any CPU = Release|Any CPU
	EndGlobalSection
	GlobalSection(ProjectConfigurationPlatforms) = postSolution
		{2188C321-B8EA-4312-9299-FE46AA7E92DC}.Debug|Any CPU.ActiveCfg = Debug|Any CPU
		{2188C321-B8EA-4312-9299-FE46AA7E92DC}.Debug|Any CPU.Build.0 = Debug|Any CPU
		{2188C321-B8EA-4312-9299-FE46AA7E92DC}.Release|Any CPU.ActiveCfg = Release|Any CPU
		{2188C321-B8EA-4312-9299-FE46AA7E92DC}.Release|Any CPU.Build.0 = Release|Any CPU
	EndGlobalSection
	GlobalSection(SolutionProperties) = preSolution
		HideSolutionNode = FALSE
	EndGlobalSection
	GlobalSection(ExtensibilityGlobals) = postSolution
		SolutionGuid = {69FCDBB8-54DF-417F-A97D-5530D1A8CBF4}
	EndGlobalSection
EndGlobal
